
Microsoft Visual Studio Solution File, Format Version 12.00
# Visual Studio Version 17
VisualStudioVersion = 17.2.32526.322
MinimumVisualStudioVersion = 10.0.40219.1
Project("{9A19103F-16F7-4668-BE54-9A1E7A4F7556}") = "CoreLayer", "CoreLayer\CoreLayer.csproj", "{5D78DB5A-399A-410E-B01C-DA1B28D60AA8}"
EndProject
Project("{9A19103F-16F7-4668-BE54-9A1E7A4F7556}") = "RepositoryLayer", "RepositoryLayer\RepositoryLayer.csproj", "{3A5902B7-37C1-4C3B-9025-A5CAB3CEACD8}"
EndProject
Project("{9A19103F-16F7-4668-BE54-9A1E7A4F7556}") = "ServiceLayer", "ServiceLayer\ServiceLayer.csproj", "{1E38FBB4-AC94-4A07-BF61-9D97592B7EBD}"
EndProject
Project("{9A19103F-16F7-4668-BE54-9A1E7A4F7556}") = "APILayer", "APILayer\APILayer.csproj", "{BAA17FE8-5D7B-40F2-A0EC-EF39A80B8D64}"
EndProject
Project("{9A19103F-16F7-4668-BE54-9A1E7A4F7556}") = "WEB", "WEB\WEB.csproj", "{3A3273EA-0687-44CF-BF00-B4F08A1064A0}"
EndProject
Project("{2150E333-8FDC-42A3-9474-1A3956D46DE8}") = "Solution Items", "Solution Items", "{93FBD730-D31A-47F5-8332-C76BE0A7F9AE}"
	ProjectSection(SolutionItems) = preProject
		.editorconfig = .editorconfig
		Ports.txt = Ports.txt
	EndProjectSection
EndProject
Global
	GlobalSection(SolutionConfigurationPlatforms) = preSolution
		Debug|Any CPU = Debug|Any CPU
		Release|Any CPU = Release|Any CPU
	EndGlobalSection
	GlobalSection(ProjectConfigurationPlatforms) = postSolution
		{5D78DB5A-399A-410E-B01C-DA1B28D60AA8}.Debug|Any CPU.ActiveCfg = Debug|Any CPU
		{5D78DB5A-399A-410E-B01C-DA1B28D60AA8}.Debug|Any CPU.Build.0 = Debug|Any CPU
		{5D78DB5A-399A-410E-B01C-DA1B28D60AA8}.Release|Any CPU.ActiveCfg = Release|Any CPU
		{5D78DB5A-399A-410E-B01C-DA1B28D60AA8}.Release|Any CPU.Build.0 = Release|Any CPU
		{3A5902B7-37C1-4C3B-9025-A5CAB3CEACD8}.Debug|Any CPU.ActiveCfg = Debug|Any CPU
		{3A5902B7-37C1-4C3B-9025-A5CAB3CEACD8}.Debug|Any CPU.Build.0 = Debug|Any CPU
		{3A5902B7-37C1-4C3B-9025-A5CAB3CEACD8}.Release|Any CPU.ActiveCfg = Release|Any CPU
		{3A5902B7-37C1-4C3B-9025-A5CAB3CEACD8}.Release|Any CPU.Build.0 = Release|Any CPU
		{1E38FBB4-AC94-4A07-BF61-9D97592B7EBD}.Debug|Any CPU.ActiveCfg = Debug|Any CPU
		{1E38FBB4-AC94-4A07-BF61-9D97592B7EBD}.Debug|Any CPU.Build.0 = Debug|Any CPU
		{1E38FBB4-AC94-4A07-BF61-9D97592B7EBD}.Release|Any CPU.ActiveCfg = Release|Any CPU
		{1E38FBB4-AC94-4A07-BF61-9D97592B7EBD}.Release|Any CPU.Build.0 = Release|Any CPU
		{BAA17FE8-5D7B-40F2-A0EC-EF39A80B8D64}.Debug|Any CPU.ActiveCfg = Debug|Any CPU
		{BAA17FE8-5D7B-40F2-A0EC-EF39A80B8D64}.Debug|Any CPU.Build.0 = Debug|Any CPU
		{BAA17FE8-5D7B-40F2-A0EC-EF39A80B8D64}.Release|Any CPU.ActiveCfg = Release|Any CPU
		{BAA17FE8-5D7B-40F2-A0EC-EF39A80B8D64}.Release|Any CPU.Build.0 = Release|Any CPU
		{3A3273EA-0687-44CF-BF00-B4F08A1064A0}.Debug|Any CPU.ActiveCfg = Debug|Any CPU
		{3A3273EA-0687-44CF-BF00-B4F08A1064A0}.Debug|Any CPU.Build.0 = Debug|Any CPU
		{3A3273EA-0687-44CF-BF00-B4F08A1064A0}.Release|Any CPU.ActiveCfg = Release|Any CPU
		{3A3273EA-0687-44CF-BF00-B4F08A1064A0}.Release|Any CPU.Build.0 = Release|Any CPU
	EndGlobalSection
	GlobalSection(SolutionProperties) = preSolution
		HideSolutionNode = FALSE
	EndGlobalSection
	GlobalSection(ExtensibilityGlobals) = postSolution
		SolutionGuid = {FA3228A7-4049-4962-956B-60CAB8B617F4}
	EndGlobalSection
EndGlobal
